// !$*UTF8*$!
{
	archiveVersion = 1;
	classes = {
	};
	objectVersion = 50;
	objects = {

/* Begin PBXBuildFile section */
		8B93DBFE21C26D3C00E01748 /* AppDelegate.swift in Sources */ = {isa = PBXBuildFile; fileRef = 8B93DBFD21C26D3C00E01748 /* AppDelegate.swift */; };
		8B93DC0021C26D3C00E01748 /* ViewController.swift in Sources */ = {isa = PBXBuildFile; fileRef = 8B93DBFF21C26D3C00E01748 /* ViewController.swift */; };
		8B93DC0321C26D3C00E01748 /* Main.storyboard in Resources */ = {isa = PBXBuildFile; fileRef = 8B93DC0121C26D3C00E01748 /* Main.storyboard */; };
		8B93DC0621C26D3C00E01748 /* note.xcdatamodeld in Sources */ = {isa = PBXBuildFile; fileRef = 8B93DC0421C26D3C00E01748 /* note.xcdatamodeld */; };
		8B93DC0821C26D3D00E01748 /* Assets.xcassets in Resources */ = {isa = PBXBuildFile; fileRef = 8B93DC0721C26D3D00E01748 /* Assets.xcassets */; };
		8B93DC0B21C26D3D00E01748 /* LaunchScreen.storyboard in Resources */ = {isa = PBXBuildFile; fileRef = 8B93DC0921C26D3D00E01748 /* LaunchScreen.storyboard */; };
		8B93DC1421C26D5400E01748 /* CoreDataStackType.swift in Sources */ = {isa = PBXBuildFile; fileRef = 8B93DC1321C26D5400E01748 /* CoreDataStackType.swift */; };
		8B93DC1621C3826100E01748 /* CoreDataStackHelper.swift in Sources */ = {isa = PBXBuildFile; fileRef = 8B93DC1521C3826100E01748 /* CoreDataStackHelper.swift */; };
/* End PBXBuildFile section */

/* Begin PBXFileReference section */
		8B93DBFA21C26D3C00E01748 /* RBCoreDataStack.app */ = {isa = PBXFileReference; explicitFileType = wrapper.application; includeInIndex = 0; path = RBCoreDataStack.app; sourceTree = BUILT_PRODUCTS_DIR; };
		8B93DBFD21C26D3C00E01748 /* AppDelegate.swift */ = {isa = PBXFileReference; lastKnownFileType = sourcecode.swift; path = AppDelegate.swift; sourceTree = "<group>"; };
		8B93DBFF21C26D3C00E01748 /* ViewController.swift */ = {isa = PBXFileReference; lastKnownFileType = sourcecode.swift; path = ViewController.swift; sourceTree = "<group>"; };
		8B93DC0221C26D3C00E01748 /* Base */ = {isa = PBXFileReference; lastKnownFileType = file.storyboard; name = Base; path = Base.lproj/Main.storyboard; sourceTree = "<group>"; };
		8B93DC0521C26D3C00E01748 /* RBCoreDataStack.xcdatamodel */ = {isa = PBXFileReference; lastKnownFileType = wrapper.xcdatamodel; path = RBCoreDataStack.xcdatamodel; sourceTree = "<group>"; };
		8B93DC0721C26D3D00E01748 /* Assets.xcassets */ = {isa = PBXFileReference; lastKnownFileType = folder.assetcatalog; path = Assets.xcassets; sourceTree = "<group>"; };
		8B93DC0A21C26D3D00E01748 /* Base */ = {isa = PBXFileReference; lastKnownFileType = file.storyboard; name = Base; path = Base.lproj/LaunchScreen.storyboard; sourceTree = "<group>"; };
		8B93DC0C21C26D3D00E01748 /* Info.plist */ = {isa = PBXFileReference; lastKnownFileType = text.plist.xml; path = Info.plist; sourceTree = "<group>"; };
		8B93DC1321C26D5400E01748 /* CoreDataStackType.swift */ = {isa = PBXFileReference; lastKnownFileType = sourcecode.swift; path = CoreDataStackType.swift; sourceTree = "<group>"; };
		8B93DC1521C3826100E01748 /* CoreDataStackHelper.swift */ = {isa = PBXFileReference; lastKnownFileType = sourcecode.swift; path = CoreDataStackHelper.swift; sourceTree = "<group>"; };
/* End PBXFileReference section */

/* Begin PBXFrameworksBuildPhase section */
		8B93DBF721C26D3C00E01748 /* Frameworks */ = {
			isa = PBXFrameworksBuildPhase;
			buildActionMask = 2147483647;
			files = (
			);
			runOnlyForDeploymentPostprocessing = 0;
		};
/* End PBXFrameworksBuildPhase section */

/* Begin PBXGroup section */
		8B93DBF121C26D3C00E01748 = {
			isa = PBXGroup;
			children = (
				8B93DBFC21C26D3C00E01748 /* RBCoreDataStack */,
				8B93DBFB21C26D3C00E01748 /* Products */,
			);
			sourceTree = "<group>";
		};
		8B93DBFB21C26D3C00E01748 /* Products */ = {
			isa = PBXGroup;
			children = (
				8B93DBFA21C26D3C00E01748 /* RBCoreDataStack.app */,
			);
			name = Products;
			sourceTree = "<group>";
		};
		8B93DBFC21C26D3C00E01748 /* RBCoreDataStack */ = {
			isa = PBXGroup;
			children = (
				8B93DC1221C26D4700E01748 /* Stack */,
				8B93DBFD21C26D3C00E01748 /* AppDelegate.swift */,
				8B93DBFF21C26D3C00E01748 /* ViewController.swift */,
				8B93DC0121C26D3C00E01748 /* Main.storyboard */,
				8B93DC0721C26D3D00E01748 /* Assets.xcassets */,
				8B93DC0921C26D3D00E01748 /* LaunchScreen.storyboard */,
				8B93DC0C21C26D3D00E01748 /* Info.plist */,
				8B93DC0421C26D3C00E01748 /* note.xcdatamodeld */,
			);
			path = RBCoreDataStack;
			sourceTree = "<group>";
		};
		8B93DC1221C26D4700E01748 /* Stack */ = {
			isa = PBXGroup;
			children = (
				8B93DC1321C26D5400E01748 /* CoreDataStackType.swift */,
				8B93DC1521C3826100E01748 /* CoreDataStackHelper.swift */,
			);
			path = Stack;
			sourceTree = "<group>";
		};
/* End PBXGroup section */

/* Begin PBXNativeTarget section */
		8B93DBF921C26D3C00E01748 /* RBCoreDataStack */ = {
			isa = PBXNativeTarget;
			buildConfigurationList = 8B93DC0F21C26D3D00E01748 /* Build configuration list for PBXNativeTarget "RBCoreDataStack" */;
			buildPhases = (
				8B93DBF621C26D3C00E01748 /* Sources */,
				8B93DBF721C26D3C00E01748 /* Frameworks */,
				8B93DBF821C26D3C00E01748 /* Resources */,
			);
			buildRules = (
			);
			dependencies = (
			);
			name = RBCoreDataStack;
			productName = RBCoreDataStack;
			productReference = 8B93DBFA21C26D3C00E01748 /* RBCoreDataStack.app */;
			productType = "com.apple.product-type.application";
		};
/* End PBXNativeTarget section */

/* Begin PBXProject section */
		8B93DBF221C26D3C00E01748 /* Project object */ = {
			isa = PBXProject;
			attributes = {
				LastSwiftUpdateCheck = 1010;
				LastUpgradeCheck = 1010;
				ORGANIZATIONNAME = rbozdag;
				TargetAttributes = {
					8B93DBF921C26D3C00E01748 = {
						CreatedOnToolsVersion = 10.1;
					};
				};
			};
			buildConfigurationList = 8B93DBF521C26D3C00E01748 /* Build configuration list for PBXProject "RBCoreDataStack" */;
			compatibilityVersion = "Xcode 9.3";
			developmentRegion = en;
			hasScannedForEncodings = 0;
			knownRegions = (
				en,
				Base,
			);
			mainGroup = 8B93DBF121C26D3C00E01748;
			productRefGroup = 8B93DBFB21C26D3C00E01748 /* Products */;
			projectDirPath = "";
			projectRoot = "";
			targets = (
				8B93DBF921C26D3C00E01748 /* RBCoreDataStack */,
			);
		};
/* End PBXProject section */

/* Begin PBXResourcesBuildPhase section */
		8B93DBF821C26D3C00E01748 /* Resources */ = {
			isa = PBXResourcesBuildPhase;
			buildActionMask = 2147483647;
			files = (
				8B93DC0B21C26D3D00E01748 /* LaunchScreen.storyboard in Resources */,
				8B93DC0821C26D3D00E01748 /* Assets.xcassets in Resources */,
				8B93DC0321C26D3C00E01748 /* Main.storyboard in Resources */,
			);
			runOnlyForDeploymentPostprocessing = 0;
		};
/* End PBXResourcesBuildPhase section */

/* Begin PBXSourcesBuildPhase section */
		8B93DBF621C26D3C00E01748 /* Sources */ = {
			isa = PBXSourcesBuildPhase;
			buildActionMask = 2147483647;
			files = (
				8B93DC0621C26D3C00E01748 /* note.xcdatamodeld in Sources */,
				8B93DC0021C26D3C00E01748 /* ViewController.swift in Sources */,
				8B93DBFE21C26D3C00E01748 /* AppDelegate.swift in Sources */,
				8B93DC1421C26D5400E01748 /* CoreDataStackType.swift in Sources */,
				8B93DC1621C3826100E01748 /* CoreDataStackHelper.swift in Sources */,
			);
			runOnlyForDeploymentPostprocessing = 0;
		};
/* End PBXSourcesBuildPhase section */

/* Begin PBXVariantGroup section */
		8B93DC0121C26D3C00E01748 /* Main.storyboard */ = {
			isa = PBXVariantGroup;
			children = (
				8B93DC0221C26D3C00E01748 /* Base */,
			);
			name = Main.storyboard;
			sourceTree = "<group>";
		};
		8B93DC0921C26D3D00E01748 /* LaunchScreen.storyboard */ = {
			isa = PBXVariantGroup;
			children = (
				8B93DC0A21C26D3D00E01748 /* Base */,
			);
			name = LaunchScreen.storyboard;
			sourceTree = "<group>";
		};
/* End PBXVariantGroup section */

/* Begin XCBuildConfiguration section */
		8B93DC0D21C26D3D00E01748 /* Debug */ = {
			isa = XCBuildConfiguration;
			buildSettings = {
				ALWAYS_SEARCH_USER_PATHS = NO;
				CLANG_ANALYZER_NONNULL = YES;
				CLANG_ANALYZER_NUMBER_OBJECT_CONVERSION = YES_AGGRESSIVE;
				CLANG_CXX_LANGUAGE_STANDARD = "gnu++14";
				CLANG_CXX_LIBRARY = "libc++";
				CLANG_ENABLE_MODULES = YES;
				CLANG_ENABLE_OBJC_ARC = YES;
				CLANG_ENABLE_OBJC_WEAK = YES;
				CLANG_WARN_BLOCK_CAPTURE_AUTORELEASING = YES;
				CLANG_WARN_BOOL_CONVERSION = YES;
				CLANG_WARN_COMMA = YES;
				CLANG_WARN_CONSTANT_CONVERSION = YES;
				CLANG_WARN_DEPRECATED_OBJC_IMPLEMENTATIONS = YES;
				CLANG_WARN_DIRECT_OBJC_ISA_USAGE = YES_ERROR;
				CLANG_WARN_DOCUMENTATION_COMMENTS = YES;
				CLANG_WARN_EMPTY_BODY = YES;
				CLANG_WARN_ENUM_CONVERSION = YES;
				CLANG_WARN_INFINITE_RECURSION = YES;
				CLANG_WARN_INT_CONVERSION = YES;
				CLANG_WARN_NON_LITERAL_NULL_CONVERSION = YES;
				CLANG_WARN_OBJC_IMPLICIT_RETAIN_SELF = YES;
				CLANG_WARN_OBJC_LITERAL_CONVERSION = YES;
				CLANG_WARN_OBJC_ROOT_CLASS = YES_ERROR;
				CLANG_WARN_RANGE_LOOP_ANALYSIS = YES;
				CLANG_WARN_STRICT_PROTOTYPES = YES;
				CLANG_WARN_SUSPICIOUS_MOVE = YES;
				CLANG_WARN_UNGUARDED_AVAILABILITY = YES_AGGRESSIVE;
				CLANG_WARN_UNREACHABLE_CODE = YES;
				CLANG_WARN__DUPLICATE_METHOD_MATCH = YES;
				CODE_SIGN_IDENTITY = "iPhone Developer";
				COPY_PHASE_STRIP = NO;
				DEBUG_INFORMATION_FORMAT = dwarf;
				ENABLE_STRICT_OBJC_MSGSEND = YES;
				ENABLE_TESTABILITY = YES;
				GCC_C_LANGUAGE_STANDARD = gnu11;
				GCC_DYNAMIC_NO_PIC = NO;
				GCC_NO_COMMON_BLOCKS = YES;
				GCC_OPTIMIZATION_LEVEL = 0;
				GCC_PREPROCESSOR_DEFINITIONS = (
					"DEBUG=1",
					"$(inherited)",
				);
				GCC_WARN_64_TO_32_BIT_CONVERSION = YES;
				GCC_WARN_ABOUT_RETURN_TYPE = YES_ERROR;
				GCC_WARN_UNDECLARED_SELECTOR = YES;
				GCC_WARN_UNINITIALIZED_AUTOS = YES_AGGRESSIVE;
				GCC_WARN_UNUSED_FUNCTION = YES;
				GCC_WARN_UNUSED_VARIABLE = YES;
				IPHONEOS_DEPLOYMENT_TARGET = 12.1;
				MTL_ENABLE_DEBUG_INFO = INCLUDE_SOURCE;
				MTL_FAST_MATH = YES;
				ONLY_ACTIVE_ARCH = YES;
				SDKROOT = iphoneos;
				SWIFT_ACTIVE_COMPILATION_CONDITIONS = DEBUG;
				SWIFT_OPTIMIZATION_LEVEL = "-Onone";
			};
			name = Debug;
		};
		8B93DC0E21C26D3D00E01748 /* Release */ = {
			isa = XCBuildConfiguration;
			buildSettings = {
				ALWAYS_SEARCH_USER_PATHS = NO;
				CLANG_ANALYZER_NONNULL = YES;
				CLANG_ANALYZER_NUMBER_OBJECT_CONVERSION = YES_AGGRESSIVE;
				CLANG_CXX_LANGUAGE_STANDARD = "gnu++14";
				CLANG_CXX_LIBRARY = "libc++";
				CLANG_ENABLE_MODULES = YES;
				CLANG_ENABLE_OBJC_ARC = YES;
				CLANG_ENABLE_OBJC_WEAK = YES;
				CLANG_WARN_BLOCK_CAPTURE_AUTORELEASING = YES;
				CLANG_WARN_BOOL_CONVERSION = YES;
				CLANG_WARN_COMMA = YES;
				CLANG_WARN_CONSTANT_CONVERSION = YES;
				CLANG_WARN_DEPRECATED_OBJC_IMPLEMENTATIONS = YES;
				CLANG_WARN_DIRECT_OBJC_ISA_USAGE = YES_ERROR;
				CLANG_WARN_DOCUMENTATION_COMMENTS = YES;
				CLANG_WARN_EMPTY_BODY = YES;
				CLANG_WARN_ENUM_CONVERSION = YES;
				CLANG_WARN_INFINITE_RECURSION = YES;
				CLANG_WARN_INT_CONVERSION = YES;
				CLANG_WARN_NON_LITERAL_NULL_CONVERSION = YES;
				CLANG_WARN_OBJC_IMPLICIT_RETAIN_SELF = YES;
				CLANG_WARN_OBJC_LITERAL_CONVERSION = YES;
				CLANG_WARN_OBJC_ROOT_CLASS = YES_ERROR;
				CLANG_WARN_RANGE_LOOP_ANALYSIS = YES;
				CLANG_WARN_STRICT_PROTOTYPES = YES;
				CLANG_WARN_SUSPICIOUS_MOVE = YES;
				CLANG_WARN_UNGUARDED_AVAILABILITY = YES_AGGRESSIVE;
				CLANG_WARN_UNREACHABLE_CODE = YES;
				CLANG_WARN__DUPLICATE_METHOD_MATCH = YES;
				CODE_SIGN_IDENTITY = "iPhone Developer";
				COPY_PHASE_STRIP = NO;
				DEBUG_INFORMATION_FORMAT = "dwarf-with-dsym";
				ENABLE_NS_ASSERTIONS = NO;
				ENABLE_STRICT_OBJC_MSGSEND = YES;
				GCC_C_LANGUAGE_STANDARD = gnu11;
				GCC_NO_COMMON_BLOCKS = YES;
				GCC_WARN_64_TO_32_BIT_CONVERSION = YES;
				GCC_WARN_ABOUT_RETURN_TYPE = YES_ERROR;
				GCC_WARN_UNDECLARED_SELECTOR = YES;
				GCC_WARN_UNINITIALIZED_AUTOS = YES_AGGRESSIVE;
				GCC_WARN_UNUSED_FUNCTION = YES;
				GCC_WARN_UNUSED_VARIABLE = YES;
				IPHONEOS_DEPLOYMENT_TARGET = 12.1;
				MTL_ENABLE_DEBUG_INFO = NO;
				MTL_FAST_MATH = YES;
				SDKROOT = iphoneos;
				SWIFT_COMPILATION_MODE = wholemodule;
				SWIFT_OPTIMIZATION_LEVEL = "-O";
				VALIDATE_PRODUCT = YES;
			};
			name = Release;
		};
		8B93DC1021C26D3D00E01748 /* Debug */ = {
			isa = XCBuildConfiguration;
			buildSettings = {
				ASSETCATALOG_COMPILER_APPICON_NAME = AppIcon;
				CODE_SIGN_STYLE = Automatic;
				DEVELOPMENT_TEAM = 5GJ7XJF3VG;
				INFOPLIST_FILE = RBCoreDataStack/Info.plist;
				LD_RUNPATH_SEARCH_PATHS = (
					"$(inherited)",
					"@executable_path/Frameworks",
				);
				PRODUCT_BUNDLE_IDENTIFIER = com.rbozdag.RBCoreDataStack;
				PRODUCT_NAME = "$(TARGET_NAME)";
				SWIFT_VERSION = 4.2;
				TARGETED_DEVICE_FAMILY = "1,2";
			};
			name = Debug;
		};
		8B93DC1121C26D3D00E01748 /* Release */ = {
			isa = XCBuildConfiguration;
			buildSettings = {
				ASSETCATALOG_COMPILER_APPICON_NAME = AppIcon;
				CODE_SIGN_STYLE = Automatic;
				DEVELOPMENT_TEAM = 5GJ7XJF3VG;
				INFOPLIST_FILE = RBCoreDataStack/Info.plist;
				LD_RUNPATH_SEARCH_PATHS = (
					"$(inherited)",
					"@executable_path/Frameworks",
				);
				PRODUCT_BUNDLE_IDENTIFIER = com.rbozdag.RBCoreDataStack;
				PRODUCT_NAME = "$(TARGET_NAME)";
				SWIFT_VERSION = 4.2;
				TARGETED_DEVICE_FAMILY = "1,2";
			};
			name = Release;
		};
/* End XCBuildConfiguration section */

/* Begin XCConfigurationList section */
		8B93DBF521C26D3C00E01748 /* Build configuration list for PBXProject "RBCoreDataStack" */ = {
			isa = XCConfigurationList;
			buildConfigurations = (
				8B93DC0D21C26D3D00E01748 /* Debug */,
				8B93DC0E21C26D3D00E01748 /* Release */,
			);
			defaultConfigurationIsVisible = 0;
			defaultConfigurationName = Release;
		};
		8B93DC0F21C26D3D00E01748 /* Build configuration list for PBXNativeTarget "RBCoreDataStack" */ = {
			isa = XCConfigurationList;
			buildConfigurations = (
				8B93DC1021C26D3D00E01748 /* Debug */,
				8B93DC1121C26D3D00E01748 /* Release */,
			);
			defaultConfigurationIsVisible = 0;
			defaultConfigurationName = Release;
		};
/* End XCConfigurationList section */

/* Begin XCVersionGroup section */
		8B93DC0421C26D3C00E01748 /* note.xcdatamodeld */ = {
			isa = XCVersionGroup;
			children = (
				8B93DC0521C26D3C00E01748 /* RBCoreDataStack.xcdatamodel */,
			);
			currentVersion = 8B93DC0521C26D3C00E01748 /* RBCoreDataStack.xcdatamodel */;
			path = note.xcdatamodeld;
			sourceTree = "<group>";
			versionGroupType = wrapper.xcdatamodel;
		};
/* End XCVersionGroup section */
	};
	rootObject = 8B93DBF221C26D3C00E01748 /* Project object */;
}
